
Microsoft Visual Studio Solution File, Format Version 12.00
# Visual Studio 15
VisualStudioVersion = 15.0.28307.1209
MinimumVisualStudioVersion = 10.0.40219.1
Project("{F184B08F-C81C-45F6-A57F-5ABD9991F28F}") = "ERP-Interface", "ERP-EEA\ERP-Interface.vbproj", "{61E62000-A39F-4F87-B5EA-AB71314412AF}"
EndProject
Project("{F184B08F-C81C-45F6-A57F-5ABD9991F28F}") = "ERP-Negocio", "ERP-Negocio\ERP-Negocio.vbproj", "{8C0D0423-C165-4C28-AD5C-F5F0434EC668}"
EndProject
Project("{F184B08F-C81C-45F6-A57F-5ABD9991F28F}") = "ERP-Datos", "ERP-Datos\ERP-Datos.vbproj", "{DE041795-DC30-4CFD-A10E-E1237FB88076}"
EndProject
Project("{F184B08F-C81C-45F6-A57F-5ABD9991F28F}") = "ERP-Entidad", "ERP-Entidad\ERP-Entidad.vbproj", "{F60DFC8A-075C-447F-9DB2-E4410C0A2D2F}"
EndProject
Global
	GlobalSection(SolutionConfigurationPlatforms) = preSolution
		Debug|Any CPU = Debug|Any CPU
		Release|Any CPU = Release|Any CPU
	EndGlobalSection
	GlobalSection(ProjectConfigurationPlatforms) = postSolution
		{61E62000-A39F-4F87-B5EA-AB71314412AF}.Debug|Any CPU.ActiveCfg = Debug|Any CPU
		{61E62000-A39F-4F87-B5EA-AB71314412AF}.Debug|Any CPU.Build.0 = Debug|Any CPU
		{61E62000-A39F-4F87-B5EA-AB71314412AF}.Release|Any CPU.ActiveCfg = Release|Any CPU
		{61E62000-A39F-4F87-B5EA-AB71314412AF}.Release|Any CPU.Build.0 = Release|Any CPU
		{8C0D0423-C165-4C28-AD5C-F5F0434EC668}.Debug|Any CPU.ActiveCfg = Debug|Any CPU
		{8C0D0423-C165-4C28-AD5C-F5F0434EC668}.Debug|Any CPU.Build.0 = Debug|Any CPU
		{8C0D0423-C165-4C28-AD5C-F5F0434EC668}.Release|Any CPU.ActiveCfg = Release|Any CPU
		{8C0D0423-C165-4C28-AD5C-F5F0434EC668}.Release|Any CPU.Build.0 = Release|Any CPU
		{DE041795-DC30-4CFD-A10E-E1237FB88076}.Debug|Any CPU.ActiveCfg = Debug|Any CPU
		{DE041795-DC30-4CFD-A10E-E1237FB88076}.Debug|Any CPU.Build.0 = Debug|Any CPU
		{DE041795-DC30-4CFD-A10E-E1237FB88076}.Release|Any CPU.ActiveCfg = Release|Any CPU
		{DE041795-DC30-4CFD-A10E-E1237FB88076}.Release|Any CPU.Build.0 = Release|Any CPU
		{F60DFC8A-075C-447F-9DB2-E4410C0A2D2F}.Debug|Any CPU.ActiveCfg = Debug|Any CPU
		{F60DFC8A-075C-447F-9DB2-E4410C0A2D2F}.Debug|Any CPU.Build.0 = Debug|Any CPU
		{F60DFC8A-075C-447F-9DB2-E4410C0A2D2F}.Release|Any CPU.ActiveCfg = Release|Any CPU
		{F60DFC8A-075C-447F-9DB2-E4410C0A2D2F}.Release|Any CPU.Build.0 = Release|Any CPU
	EndGlobalSection
	GlobalSection(SolutionProperties) = preSolution
		HideSolutionNode = FALSE
	EndGlobalSection
	GlobalSection(ExtensibilityGlobals) = postSolution
		SolutionGuid = {10693D72-0A23-4E95-B866-9034EAE76B3E}
	EndGlobalSection
EndGlobal
